
Microsoft Visual Studio Solution File, Format Version 12.00
# Visual Studio Version 16
VisualStudioVersion = 16.0.30804.86
MinimumVisualStudioVersion = 10.0.40219.1
Project("{FAE04EC0-301F-11D3-BF4B-00C04F79EFBC}") = "libmp4.net", "libmp4.net\libmp4.net.csproj", "{720B52C8-79B7-4BCF-A939-27FD17C4C4E9}"
EndProject
Global
	GlobalSection(SolutionConfigurationPlatforms) = preSolution
		Debug|Any CPU = Debug|Any CPU
		Release|Any CPU = Release|Any CPU
	EndGlobalSection
	GlobalSection(ProjectConfigurationPlatforms) = postSolution
		{720B52C8-79B7-4BCF-A939-27FD17C4C4E9}.Debug|Any CPU.ActiveCfg = Debug|Any CPU
		{720B52C8-79B7-4BCF-A939-27FD17C4C4E9}.Debug|Any CPU.Build.0 = Debug|Any CPU
		{720B52C8-79B7-4BCF-A939-27FD17C4C4E9}.Release|Any CPU.ActiveCfg = Release|Any CPU
		{720B52C8-79B7-4BCF-A939-27FD17C4C4E9}.Release|Any CPU.Build.0 = Release|Any CPU
	EndGlobalSection
	GlobalSection(SolutionProperties) = preSolution
		HideSolutionNode = FALSE
	EndGlobalSection
	GlobalSection(ExtensibilityGlobals) = postSolution
		SolutionGuid = {AB2A41BE-026C-4B1C-93F8-E17D93C5A4E9}
	EndGlobalSection
EndGlobal
